
Microsoft Visual Studio Solution File, Format Version 12.00
# Visual Studio Version 16
VisualStudioVersion = 16.0.30413.136
MinimumVisualStudioVersion = 10.0.40219.1
Project("{FAE04EC0-301F-11D3-BF4B-00C04F79EFBC}") = "Cookies_Manager", "Cookies_Manager.csproj", "{854070A8-C2C0-42FD-BFFE-B9EFA5461D78}"
EndProject
Project("{FAE04EC0-301F-11D3-BF4B-00C04F79EFBC}") = "Cookies_Service", "..\Cookies_Service\Cookies_Service.csproj", "{DF435396-4779-478B-BFC4-D174FD1C106F}"
EndProject
Global
	GlobalSection(SolutionConfigurationPlatforms) = preSolution
		Debug|Any CPU = Debug|Any CPU
		Release|Any CPU = Release|Any CPU
	EndGlobalSection
	GlobalSection(ProjectConfigurationPlatforms) = postSolution
		{854070A8-C2C0-42FD-BFFE-B9EFA5461D78}.Debug|Any CPU.ActiveCfg = Debug|Any CPU
		{854070A8-C2C0-42FD-BFFE-B9EFA5461D78}.Debug|Any CPU.Build.0 = Debug|Any CPU
		{854070A8-C2C0-42FD-BFFE-B9EFA5461D78}.Release|Any CPU.ActiveCfg = Release|Any CPU
		{854070A8-C2C0-42FD-BFFE-B9EFA5461D78}.Release|Any CPU.Build.0 = Release|Any CPU
		{DF435396-4779-478B-BFC4-D174FD1C106F}.Debug|Any CPU.ActiveCfg = Debug|Any CPU
		{DF435396-4779-478B-BFC4-D174FD1C106F}.Debug|Any CPU.Build.0 = Debug|Any CPU
		{DF435396-4779-478B-BFC4-D174FD1C106F}.Release|Any CPU.ActiveCfg = Release|Any CPU
		{DF435396-4779-478B-BFC4-D174FD1C106F}.Release|Any CPU.Build.0 = Release|Any CPU
	EndGlobalSection
	GlobalSection(SolutionProperties) = preSolution
		HideSolutionNode = FALSE
	EndGlobalSection
	GlobalSection(ExtensibilityGlobals) = postSolution
		SolutionGuid = {150567B1-8FB4-4C7E-BC01-FC2217B9AB3F}
	EndGlobalSection
EndGlobal
